
Microsoft Visual Studio Solution File, Format Version 12.00
# Visual Studio Version 17
VisualStudioVersion = 17.1.32421.90
MinimumVisualStudioVersion = 10.0.40219.1
Project("{FAE04EC0-301F-11D3-BF4B-00C04F79EFBC}") = "AuthApp", "AuthApp\AuthApp.csproj", "{F75A66D8-4B41-4EB8-821E-0032C1010CA9}"
EndProject
Global
	GlobalSection(SolutionConfigurationPlatforms) = preSolution
		Debug|Any CPU = Debug|Any CPU
		Release|Any CPU = Release|Any CPU
	EndGlobalSection
	GlobalSection(ProjectConfigurationPlatforms) = postSolution
		{F75A66D8-4B41-4EB8-821E-0032C1010CA9}.Debug|Any CPU.ActiveCfg = Debug|Any CPU
		{F75A66D8-4B41-4EB8-821E-0032C1010CA9}.Debug|Any CPU.Build.0 = Debug|Any CPU
		{F75A66D8-4B41-4EB8-821E-0032C1010CA9}.Release|Any CPU.ActiveCfg = Release|Any CPU
		{F75A66D8-4B41-4EB8-821E-0032C1010CA9}.Release|Any CPU.Build.0 = Release|Any CPU
	EndGlobalSection
	GlobalSection(SolutionProperties) = preSolution
		HideSolutionNode = FALSE
	EndGlobalSection
	GlobalSection(ExtensibilityGlobals) = postSolution
		SolutionGuid = {7D7BD472-1C55-46BB-9937-017FCF80F72E}
	EndGlobalSection
EndGlobal
